
Microsoft Visual Studio Solution File, Format Version 12.00
# Visual Studio 2012
Project("{FAE04EC0-301F-11D3-BF4B-00C04F79EFBC}") = "ConsoleApplication1", "ConsoleApplication1\ConsoleApplication1.csproj", "{B97B8F6E-4D33-4AB9-944E-396C165E15A3}"
EndProject
Project("{FAE04EC0-301F-11D3-BF4B-00C04F79EFBC}") = "ClassLibrary1", "ClassLibrary1\ClassLibrary1.csproj", "{F02E7F91-FCA8-40EE-A14F-9E7DA7EF44BA}"
EndProject
Project("{FAE04EC0-301F-11D3-BF4B-00C04F79EFBC}") = "ClassLibrary2", "ClassLibrary2\ClassLibrary2.csproj", "{E3006507-8942-4C53-8638-3E0947E9956A}"
EndProject
Global
	GlobalSection(SolutionConfigurationPlatforms) = preSolution
		Debug|Any CPU = Debug|Any CPU
		Release|Any CPU = Release|Any CPU
	EndGlobalSection
	GlobalSection(ProjectConfigurationPlatforms) = postSolution
		{B97B8F6E-4D33-4AB9-944E-396C165E15A3}.Debug|Any CPU.ActiveCfg = Debug|Any CPU
		{B97B8F6E-4D33-4AB9-944E-396C165E15A3}.Debug|Any CPU.Build.0 = Debug|Any CPU
		{B97B8F6E-4D33-4AB9-944E-396C165E15A3}.Release|Any CPU.ActiveCfg = Release|Any CPU
		{B97B8F6E-4D33-4AB9-944E-396C165E15A3}.Release|Any CPU.Build.0 = Release|Any CPU
		{F02E7F91-FCA8-40EE-A14F-9E7DA7EF44BA}.Debug|Any CPU.ActiveCfg = Debug|Any CPU
		{F02E7F91-FCA8-40EE-A14F-9E7DA7EF44BA}.Debug|Any CPU.Build.0 = Debug|Any CPU
		{F02E7F91-FCA8-40EE-A14F-9E7DA7EF44BA}.Release|Any CPU.ActiveCfg = Release|Any CPU
		{F02E7F91-FCA8-40EE-A14F-9E7DA7EF44BA}.Release|Any CPU.Build.0 = Release|Any CPU
		{E3006507-8942-4C53-8638-3E0947E9956A}.Debug|Any CPU.ActiveCfg = Debug|Any CPU
		{E3006507-8942-4C53-8638-3E0947E9956A}.Debug|Any CPU.Build.0 = Debug|Any CPU
		{E3006507-8942-4C53-8638-3E0947E9956A}.Release|Any CPU.ActiveCfg = Release|Any CPU
		{E3006507-8942-4C53-8638-3E0947E9956A}.Release|Any CPU.Build.0 = Release|Any CPU
	EndGlobalSection
	GlobalSection(SolutionProperties) = preSolution
		HideSolutionNode = FALSE
	EndGlobalSection
EndGlobal
